
Microsoft Visual Studio Solution File, Format Version 12.00
# Visual Studio Version 17
VisualStudioVersion = 17.4.33103.184
MinimumVisualStudioVersion = 10.0.40219.1
Project("{FAE04EC0-301F-11D3-BF4B-00C04F79EFBC}") = "UniversityDuPrototype", "UniversityDuPrototype\UniversityDuPrototype.csproj", "{C132EC0E-A636-49A1-AC45-8846B2E145D8}"
EndProject
Global
	GlobalSection(SolutionConfigurationPlatforms) = preSolution
		Debug|Any CPU = Debug|Any CPU
		Release|Any CPU = Release|Any CPU
	EndGlobalSection
	GlobalSection(ProjectConfigurationPlatforms) = postSolution
		{C132EC0E-A636-49A1-AC45-8846B2E145D8}.Debug|Any CPU.ActiveCfg = Debug|Any CPU
		{C132EC0E-A636-49A1-AC45-8846B2E145D8}.Debug|Any CPU.Build.0 = Debug|Any CPU
		{C132EC0E-A636-49A1-AC45-8846B2E145D8}.Release|Any CPU.ActiveCfg = Release|Any CPU
		{C132EC0E-A636-49A1-AC45-8846B2E145D8}.Release|Any CPU.Build.0 = Release|Any CPU
	EndGlobalSection
	GlobalSection(SolutionProperties) = preSolution
		HideSolutionNode = FALSE
	EndGlobalSection
	GlobalSection(ExtensibilityGlobals) = postSolution
		SolutionGuid = {86A9DF8D-1A5F-476D-A78A-2D3E3B145133}
	EndGlobalSection
EndGlobal
